
Microsoft Visual Studio Solution File, Format Version 12.00
# Visual Studio Version 16
VisualStudioVersion = 16.0.31613.86
MinimumVisualStudioVersion = 10.0.40219.1
Project("{FAE04EC0-301F-11D3-BF4B-00C04F79EFBC}") = "OAuthd", "OAuthd\OAuthd.csproj", "{DE2C83F0-A4FE-440B-A6B0-85763D48529E}"
EndProject
Project("{2150E333-8FDC-42A3-9474-1A3956D46DE8}") = "Solution Items", "Solution Items", "{C3841A55-8C25-48E8-8F5B-96A6AD1F51C4}"
	ProjectSection(SolutionItems) = preProject
		.gitattributes = .gitattributes
		.gitignore = .gitignore
		doc\README.md = doc\README.md
	EndProjectSection
EndProject
Project("{2150E333-8FDC-42A3-9474-1A3956D46DE8}") = "doc", "doc", "{A614FA12-7788-43F8-AEAE-EDF7098048DA}"
	ProjectSection(SolutionItems) = preProject
		doc\README.md = doc\README.md
	EndProjectSection
EndProject
Global
	GlobalSection(SolutionConfigurationPlatforms) = preSolution
		Debug|Any CPU = Debug|Any CPU
		Release|Any CPU = Release|Any CPU
	EndGlobalSection
	GlobalSection(ProjectConfigurationPlatforms) = postSolution
		{DE2C83F0-A4FE-440B-A6B0-85763D48529E}.Debug|Any CPU.ActiveCfg = Debug|Any CPU
		{DE2C83F0-A4FE-440B-A6B0-85763D48529E}.Debug|Any CPU.Build.0 = Debug|Any CPU
		{DE2C83F0-A4FE-440B-A6B0-85763D48529E}.Release|Any CPU.ActiveCfg = Release|Any CPU
		{DE2C83F0-A4FE-440B-A6B0-85763D48529E}.Release|Any CPU.Build.0 = Release|Any CPU
	EndGlobalSection
	GlobalSection(SolutionProperties) = preSolution
		HideSolutionNode = FALSE
	EndGlobalSection
	GlobalSection(NestedProjects) = preSolution
		{A614FA12-7788-43F8-AEAE-EDF7098048DA} = {C3841A55-8C25-48E8-8F5B-96A6AD1F51C4}
	EndGlobalSection
	GlobalSection(ExtensibilityGlobals) = postSolution
		SolutionGuid = {6BC20BEF-079A-422C-88A3-79458DF570C6}
	EndGlobalSection
EndGlobal
